// !$*UTF8*$!
{
	archiveVersion = 1;
	classes = {
	};
	objectVersion = 77;
	objects = {

/* Begin PBXBuildFile section */
		A17459552D011FEC0057BB31 /* GTMAppAuth in Frameworks */ = {isa = PBXBuildFile; productRef = A17459542D011FEC0057BB31 /* GTMAppAuth */; };
		A18007BD2D0A8E3400475CCA /* Sentry in Frameworks */ = {isa = PBXBuildFile; productRef = A18007BC2D0A8E3400475CCA /* Sentry */; };
		A18007BF2D0A9CFB00475CCA /* SentrySwiftUI in Frameworks */ = {isa = PBXBuildFile; productRef = A18007BE2D0A9CFB00475CCA /* SentrySwiftUI */; };
		A18F761A2CF9535200DC952A /* GoogleAPIClientForREST_Calendar in Frameworks */ = {isa = PBXBuildFile; productRef = A18F76192CF9535200DC952A /* GoogleAPIClientForREST_Calendar */; };
		A1AE79BE2D06B7E600DD7AA7 /* AppAuth in Frameworks */ = {isa = PBXBuildFile; productRef = A1AE79BD2D06B7E600DD7AA7 /* AppAuth */; };
		A1AE79C02D06B7E600DD7AA7 /* AppAuthCore in Frameworks */ = {isa = PBXBuildFile; productRef = A1AE79BF2D06B7E600DD7AA7 /* AppAuthCore */; };
		A1AE79C72D06C6DB00DD7AA7 /* KeyboardShortcuts in Frameworks */ = {isa = PBXBuildFile; productRef = A1AE79C62D06C6DB00DD7AA7 /* KeyboardShortcuts */; };
		A1B774E02D080D9F005AB4C2 /* Sparkle in Frameworks */ = {isa = PBXBuildFile; productRef = A1B774DF2D080D9F005AB4C2 /* Sparkle */; };
/* End PBXBuildFile section */

/* Begin PBXFileReference section */
		A18F75F32CF935C900DC952A /* schedy.app */ = {isa = PBXFileReference; explicitFileType = wrapper.application; includeInIndex = 0; path = schedy.app; sourceTree = BUILT_PRODUCTS_DIR; };
/* End PBXFileReference section */

/* Begin PBXFileSystemSynchronizedBuildFileExceptionSet section */
		A18F760A2CF93ACF00DC952A /* Exceptions for "schedy" folder in "schedy" target */ = {
			isa = PBXFileSystemSynchronizedBuildFileExceptionSet;
			membershipExceptions = (
				Info.plist,
			);
			target = A18F75F22CF935C900DC952A /* schedy */;
		};
/* End PBXFileSystemSynchronizedBuildFileExceptionSet section */

/* Begin PBXFileSystemSynchronizedRootGroup section */
		A18F75F52CF935C900DC952A /* schedy */ = {
			isa = PBXFileSystemSynchronizedRootGroup;
			exceptions = (
				A18F760A2CF93ACF00DC952A /* Exceptions for "schedy" folder in "schedy" target */,
			);
			path = schedy;
			sourceTree = "<group>";
		};
/* End PBXFileSystemSynchronizedRootGroup section */

/* Begin PBXFrameworksBuildPhase section */
		A18F75F02CF935C900DC952A /* Frameworks */ = {
			isa = PBXFrameworksBuildPhase;
			buildActionMask = 2147483647;
			files = (
				A1AE79BE2D06B7E600DD7AA7 /* AppAuth in Frameworks */,
				A17459552D011FEC0057BB31 /* GTMAppAuth in Frameworks */,
				A1AE79C72D06C6DB00DD7AA7 /* KeyboardShortcuts in Frameworks */,
				A1B774E02D080D9F005AB4C2 /* Sparkle in Frameworks */,
				A18F761A2CF9535200DC952A /* GoogleAPIClientForREST_Calendar in Frameworks */,
				A18007BF2D0A9CFB00475CCA /* SentrySwiftUI in Frameworks */,
				A18007BD2D0A8E3400475CCA /* Sentry in Frameworks */,
				A1AE79C02D06B7E600DD7AA7 /* AppAuthCore in Frameworks */,
			);
			runOnlyForDeploymentPostprocessing = 0;
		};
/* End PBXFrameworksBuildPhase section */

/* Begin PBXGroup section */
		A18F75EA2CF935C900DC952A = {
			isa = PBXGroup;
			children = (
				A18F75F52CF935C900DC952A /* schedy */,
				A18F75F42CF935C900DC952A /* Products */,
			);
			sourceTree = "<group>";
		};
		A18F75F42CF935C900DC952A /* Products */ = {
			isa = PBXGroup;
			children = (
				A18F75F32CF935C900DC952A /* schedy.app */,
			);
			name = Products;
			sourceTree = "<group>";
		};
/* End PBXGroup section */

/* Begin PBXNativeTarget section */
		A18F75F22CF935C900DC952A /* schedy */ = {
			isa = PBXNativeTarget;
			buildConfigurationList = A18F76022CF935CB00DC952A /* Build configuration list for PBXNativeTarget "schedy" */;
			buildPhases = (
				A18F75EF2CF935C900DC952A /* Sources */,
				A18F75F02CF935C900DC952A /* Frameworks */,
				A18F75F12CF935C900DC952A /* Resources */,
			);
			buildRules = (
			);
			dependencies = (
			);
			fileSystemSynchronizedGroups = (
				A18F75F52CF935C900DC952A /* schedy */,
			);
			name = schedy;
			packageProductDependencies = (
				A18F76192CF9535200DC952A /* GoogleAPIClientForREST_Calendar */,
				A17459542D011FEC0057BB31 /* GTMAppAuth */,
				A1AE79BD2D06B7E600DD7AA7 /* AppAuth */,
				A1AE79BF2D06B7E600DD7AA7 /* AppAuthCore */,
				A1AE79C62D06C6DB00DD7AA7 /* KeyboardShortcuts */,
				A1B774DF2D080D9F005AB4C2 /* Sparkle */,
				A18007BC2D0A8E3400475CCA /* Sentry */,
				A18007BE2D0A9CFB00475CCA /* SentrySwiftUI */,
			);
			productName = schedy;
			productReference = A18F75F32CF935C900DC952A /* schedy.app */;
			productType = "com.apple.product-type.application";
		};
/* End PBXNativeTarget section */

/* Begin PBXProject section */
		A18F75EB2CF935C900DC952A /* Project object */ = {
			isa = PBXProject;
			attributes = {
				BuildIndependentTargetsInParallel = 1;
				LastSwiftUpdateCheck = 1610;
				LastUpgradeCheck = 1610;
				TargetAttributes = {
					A18F75F22CF935C900DC952A = {
						CreatedOnToolsVersion = 16.1;
					};
				};
			};
			buildConfigurationList = A18F75EE2CF935C900DC952A /* Build configuration list for PBXProject "schedy" */;
			developmentRegion = en;
			hasScannedForEncodings = 0;
			knownRegions = (
				en,
				Base,
				"pt-BR",
				it,
			);
			mainGroup = A18F75EA2CF935C900DC952A;
			minimizedProjectReferenceProxies = 1;
			packageReferences = (
				A18F76182CF9535200DC952A /* XCRemoteSwiftPackageReference "google-api-objectivec-client-for-rest" */,
				A17459532D011FEC0057BB31 /* XCRemoteSwiftPackageReference "GTMAppAuth" */,
				A1AE79BC2D06B7E600DD7AA7 /* XCRemoteSwiftPackageReference "AppAuth-iOS" */,
				A1AE79C52D06C6DB00DD7AA7 /* XCRemoteSwiftPackageReference "KeyboardShortcuts" */,
				A1B774DE2D080D9F005AB4C2 /* XCRemoteSwiftPackageReference "Sparkle" */,
				A18007BB2D0A8E3400475CCA /* XCRemoteSwiftPackageReference "sentry-cocoa" */,
			);
			preferredProjectObjectVersion = 77;
			productRefGroup = A18F75F42CF935C900DC952A /* Products */;
			projectDirPath = "";
			projectRoot = "";
			targets = (
				A18F75F22CF935C900DC952A /* schedy */,
			);
		};
/* End PBXProject section */

/* Begin PBXResourcesBuildPhase section */
		A18F75F12CF935C900DC952A /* Resources */ = {
			isa = PBXResourcesBuildPhase;
			buildActionMask = 2147483647;
			files = (
			);
			runOnlyForDeploymentPostprocessing = 0;
		};
/* End PBXResourcesBuildPhase section */

/* Begin PBXSourcesBuildPhase section */
		A18F75EF2CF935C900DC952A /* Sources */ = {
			isa = PBXSourcesBuildPhase;
			buildActionMask = 2147483647;
			files = (
			);
			runOnlyForDeploymentPostprocessing = 0;
		};
/* End PBXSourcesBuildPhase section */

/* Begin XCBuildConfiguration section */
		A18F76002CF935CB00DC952A /* Debug */ = {
			isa = XCBuildConfiguration;
			buildSettings = {
				ALWAYS_SEARCH_USER_PATHS = NO;
				ASSETCATALOG_COMPILER_GENERATE_SWIFT_ASSET_SYMBOL_EXTENSIONS = YES;
				CLANG_ANALYZER_LOCALIZABILITY_NONLOCALIZED = YES;
				CLANG_ANALYZER_NONNULL = YES;
				CLANG_ANALYZER_NUMBER_OBJECT_CONVERSION = YES_AGGRESSIVE;
				CLANG_CXX_LANGUAGE_STANDARD = "gnu++20";
				CLANG_ENABLE_MODULES = YES;
				CLANG_ENABLE_OBJC_ARC = YES;
				CLANG_ENABLE_OBJC_WEAK = YES;
				CLANG_WARN_BLOCK_CAPTURE_AUTORELEASING = YES;
				CLANG_WARN_BOOL_CONVERSION = YES;
				CLANG_WARN_COMMA = YES;
				CLANG_WARN_CONSTANT_CONVERSION = YES;
				CLANG_WARN_DEPRECATED_OBJC_IMPLEMENTATIONS = YES;
				CLANG_WARN_DIRECT_OBJC_ISA_USAGE = YES_ERROR;
				CLANG_WARN_DOCUMENTATION_COMMENTS = YES;
				CLANG_WARN_EMPTY_BODY = YES;
				CLANG_WARN_ENUM_CONVERSION = YES;
				CLANG_WARN_INFINITE_RECURSION = YES;
				CLANG_WARN_INT_CONVERSION = YES;
				CLANG_WARN_NON_LITERAL_NULL_CONVERSION = YES;
				CLANG_WARN_OBJC_IMPLICIT_RETAIN_SELF = YES;
				CLANG_WARN_OBJC_LITERAL_CONVERSION = YES;
				CLANG_WARN_OBJC_ROOT_CLASS = YES_ERROR;
				CLANG_WARN_QUOTED_INCLUDE_IN_FRAMEWORK_HEADER = YES;
				CLANG_WARN_RANGE_LOOP_ANALYSIS = YES;
				CLANG_WARN_STRICT_PROTOTYPES = YES;
				CLANG_WARN_SUSPICIOUS_MOVE = YES;
				CLANG_WARN_UNGUARDED_AVAILABILITY = YES_AGGRESSIVE;
				CLANG_WARN_UNREACHABLE_CODE = YES;
				CLANG_WARN__DUPLICATE_METHOD_MATCH = YES;
				COPY_PHASE_STRIP = NO;
				DEAD_CODE_STRIPPING = YES;
				DEBUG_INFORMATION_FORMAT = dwarf;
				ENABLE_STRICT_OBJC_MSGSEND = YES;
				ENABLE_TESTABILITY = YES;
				ENABLE_USER_SCRIPT_SANDBOXING = YES;
				GCC_C_LANGUAGE_STANDARD = gnu17;
				GCC_DYNAMIC_NO_PIC = NO;
				GCC_NO_COMMON_BLOCKS = YES;
				GCC_OPTIMIZATION_LEVEL = 0;
				GCC_PREPROCESSOR_DEFINITIONS = (
					"DEBUG=1",
					"$(inherited)",
				);
				GCC_WARN_64_TO_32_BIT_CONVERSION = YES;
				GCC_WARN_ABOUT_RETURN_TYPE = YES_ERROR;
				GCC_WARN_UNDECLARED_SELECTOR = YES;
				GCC_WARN_UNINITIALIZED_AUTOS = YES_AGGRESSIVE;
				GCC_WARN_UNUSED_FUNCTION = YES;
				GCC_WARN_UNUSED_VARIABLE = YES;
				LOCALIZATION_PREFERS_STRING_CATALOGS = YES;
				MACOSX_DEPLOYMENT_TARGET = 15.0;
				MTL_ENABLE_DEBUG_INFO = INCLUDE_SOURCE;
				MTL_FAST_MATH = YES;
				ONLY_ACTIVE_ARCH = YES;
				SDKROOT = macosx;
				SWIFT_ACTIVE_COMPILATION_CONDITIONS = "DEBUG $(inherited)";
				SWIFT_EMIT_LOC_STRINGS = YES;
				SWIFT_OPTIMIZATION_LEVEL = "-Onone";
			};
			name = Debug;
		};
		A18F76012CF935CB00DC952A /* Release */ = {
			isa = XCBuildConfiguration;
			buildSettings = {
				ALWAYS_SEARCH_USER_PATHS = NO;
				ASSETCATALOG_COMPILER_GENERATE_SWIFT_ASSET_SYMBOL_EXTENSIONS = YES;
				CLANG_ANALYZER_LOCALIZABILITY_NONLOCALIZED = YES;
				CLANG_ANALYZER_NONNULL = YES;
				CLANG_ANALYZER_NUMBER_OBJECT_CONVERSION = YES_AGGRESSIVE;
				CLANG_CXX_LANGUAGE_STANDARD = "gnu++20";
				CLANG_ENABLE_MODULES = YES;
				CLANG_ENABLE_OBJC_ARC = YES;
				CLANG_ENABLE_OBJC_WEAK = YES;
				CLANG_WARN_BLOCK_CAPTURE_AUTORELEASING = YES;
				CLANG_WARN_BOOL_CONVERSION = YES;
				CLANG_WARN_COMMA = YES;
				CLANG_WARN_CONSTANT_CONVERSION = YES;
				CLANG_WARN_DEPRECATED_OBJC_IMPLEMENTATIONS = YES;
				CLANG_WARN_DIRECT_OBJC_ISA_USAGE = YES_ERROR;
				CLANG_WARN_DOCUMENTATION_COMMENTS = YES;
				CLANG_WARN_EMPTY_BODY = YES;
				CLANG_WARN_ENUM_CONVERSION = YES;
				CLANG_WARN_INFINITE_RECURSION = YES;
				CLANG_WARN_INT_CONVERSION = YES;
				CLANG_WARN_NON_LITERAL_NULL_CONVERSION = YES;
				CLANG_WARN_OBJC_IMPLICIT_RETAIN_SELF = YES;
				CLANG_WARN_OBJC_LITERAL_CONVERSION = YES;
				CLANG_WARN_OBJC_ROOT_CLASS = YES_ERROR;
				CLANG_WARN_QUOTED_INCLUDE_IN_FRAMEWORK_HEADER = YES;
				CLANG_WARN_RANGE_LOOP_ANALYSIS = YES;
				CLANG_WARN_STRICT_PROTOTYPES = YES;
				CLANG_WARN_SUSPICIOUS_MOVE = YES;
				CLANG_WARN_UNGUARDED_AVAILABILITY = YES_AGGRESSIVE;
				CLANG_WARN_UNREACHABLE_CODE = YES;
				CLANG_WARN__DUPLICATE_METHOD_MATCH = YES;
				COPY_PHASE_STRIP = NO;
				DEAD_CODE_STRIPPING = YES;
				DEBUG_INFORMATION_FORMAT = "dwarf-with-dsym";
				ENABLE_NS_ASSERTIONS = NO;
				ENABLE_STRICT_OBJC_MSGSEND = YES;
				ENABLE_USER_SCRIPT_SANDBOXING = YES;
				GCC_C_LANGUAGE_STANDARD = gnu17;
				GCC_NO_COMMON_BLOCKS = YES;
				GCC_WARN_64_TO_32_BIT_CONVERSION = YES;
				GCC_WARN_ABOUT_RETURN_TYPE = YES_ERROR;
				GCC_WARN_UNDECLARED_SELECTOR = YES;
				GCC_WARN_UNINITIALIZED_AUTOS = YES_AGGRESSIVE;
				GCC_WARN_UNUSED_FUNCTION = YES;
				GCC_WARN_UNUSED_VARIABLE = YES;
				LOCALIZATION_PREFERS_STRING_CATALOGS = YES;
				MACOSX_DEPLOYMENT_TARGET = 15.0;
				MTL_ENABLE_DEBUG_INFO = NO;
				MTL_FAST_MATH = YES;
				SDKROOT = macosx;
				SWIFT_COMPILATION_MODE = wholemodule;
				SWIFT_EMIT_LOC_STRINGS = YES;
			};
			name = Release;
		};
		A18F76032CF935CB00DC952A /* Debug */ = {
			isa = XCBuildConfiguration;
			buildSettings = {
				ASSETCATALOG_COMPILER_APPICON_NAME = AppIcon;
				ASSETCATALOG_COMPILER_GLOBAL_ACCENT_COLOR_NAME = AccentColor;
				CODE_SIGN_ENTITLEMENTS = schedy/schedy.entitlements;
				CODE_SIGN_IDENTITY = "Apple Development";
				"CODE_SIGN_IDENTITY[sdk=macosx*]" = "Apple Development";
				CODE_SIGN_STYLE = Manual;
				COMBINE_HIDPI_IMAGES = YES;
				CURRENT_PROJECT_VERSION = 12;
				DEAD_CODE_STRIPPING = YES;
				DEVELOPMENT_ASSET_PATHS = "\"schedy/Preview Content\"";
				DEVELOPMENT_TEAM = "";
				"DEVELOPMENT_TEAM[sdk=macosx*]" = JF8DW7C5A2;
				ENABLE_HARDENED_RUNTIME = YES;
				ENABLE_PREVIEWS = YES;
				GENERATE_INFOPLIST_FILE = YES;
				INFOPLIST_FILE = schedy/Info.plist;
				INFOPLIST_KEY_CFBundleDisplayName = Schedy;
				INFOPLIST_KEY_LSApplicationCategoryType = "public.app-category.productivity";
				INFOPLIST_KEY_LSUIElement = YES;
				INFOPLIST_KEY_NSHumanReadableCopyright = "";
				LD_RUNPATH_SEARCH_PATHS = (
					"$(inherited)",
					"@executable_path/../Frameworks",
				);
				MACOSX_DEPLOYMENT_TARGET = 14;
				MARKETING_VERSION = 1.2;
				PRODUCT_BUNDLE_IDENTIFIER = com.ouwargui.schedy;
				PRODUCT_NAME = "$(TARGET_NAME)";
				PROVISIONING_PROFILE_SPECIFIER = "";
				SWIFT_EMIT_LOC_STRINGS = YES;
				SWIFT_VERSION = 5.0;
			};
			name = Debug;
		};
		A18F76042CF935CB00DC952A /* Release */ = {
			isa = XCBuildConfiguration;
			buildSettings = {
				ASSETCATALOG_COMPILER_APPICON_NAME = AppIcon;
				ASSETCATALOG_COMPILER_GLOBAL_ACCENT_COLOR_NAME = AccentColor;
				CODE_SIGN_ENTITLEMENTS = schedy/schedy.entitlements;
				CODE_SIGN_IDENTITY = "Apple Development";
				"CODE_SIGN_IDENTITY[sdk=macosx*]" = "Apple Development";
				CODE_SIGN_STYLE = Manual;
				COMBINE_HIDPI_IMAGES = YES;
				CURRENT_PROJECT_VERSION = 12;
				DEAD_CODE_STRIPPING = YES;
				DEVELOPMENT_ASSET_PATHS = "\"schedy/Preview Content\"";
				DEVELOPMENT_TEAM = "";
				"DEVELOPMENT_TEAM[sdk=macosx*]" = JF8DW7C5A2;
				ENABLE_HARDENED_RUNTIME = YES;
				ENABLE_PREVIEWS = YES;
				GENERATE_INFOPLIST_FILE = YES;
				INFOPLIST_FILE = schedy/Info.plist;
				INFOPLIST_KEY_CFBundleDisplayName = Schedy;
				INFOPLIST_KEY_LSApplicationCategoryType = "public.app-category.productivity";
				INFOPLIST_KEY_LSUIElement = YES;
				INFOPLIST_KEY_NSHumanReadableCopyright = "";
				LD_RUNPATH_SEARCH_PATHS = (
					"$(inherited)",
					"@executable_path/../Frameworks",
				);
				MACOSX_DEPLOYMENT_TARGET = 14;
				MARKETING_VERSION = 1.2;
				PRODUCT_BUNDLE_IDENTIFIER = com.ouwargui.schedy;
				PRODUCT_NAME = "$(TARGET_NAME)";
				PROVISIONING_PROFILE_SPECIFIER = "";
				SWIFT_EMIT_LOC_STRINGS = YES;
				SWIFT_VERSION = 5.0;
			};
			name = Release;
		};
/* End XCBuildConfiguration section */

/* Begin XCConfigurationList section */
		A18F75EE2CF935C900DC952A /* Build configuration list for PBXProject "schedy" */ = {
			isa = XCConfigurationList;
			buildConfigurations = (
				A18F76002CF935CB00DC952A /* Debug */,
				A18F76012CF935CB00DC952A /* Release */,
			);
			defaultConfigurationIsVisible = 0;
			defaultConfigurationName = Release;
		};
		A18F76022CF935CB00DC952A /* Build configuration list for PBXNativeTarget "schedy" */ = {
			isa = XCConfigurationList;
			buildConfigurations = (
				A18F76032CF935CB00DC952A /* Debug */,
				A18F76042CF935CB00DC952A /* Release */,
			);
			defaultConfigurationIsVisible = 0;
			defaultConfigurationName = Release;
		};
/* End XCConfigurationList section */

/* Begin XCRemoteSwiftPackageReference section */
		A17459532D011FEC0057BB31 /* XCRemoteSwiftPackageReference "GTMAppAuth" */ = {
			isa = XCRemoteSwiftPackageReference;
			repositoryURL = "https://github.com/google/GTMAppAuth.git";
			requirement = {
				kind = upToNextMajorVersion;
				minimumVersion = 4.1.1;
			};
		};
		A18007BB2D0A8E3400475CCA /* XCRemoteSwiftPackageReference "sentry-cocoa" */ = {
			isa = XCRemoteSwiftPackageReference;
			repositoryURL = "https://github.com/getsentry/sentry-cocoa.git";
			requirement = {
				kind = upToNextMajorVersion;
				minimumVersion = 8.41.0;
			};
		};
		A18F76182CF9535200DC952A /* XCRemoteSwiftPackageReference "google-api-objectivec-client-for-rest" */ = {
			isa = XCRemoteSwiftPackageReference;
			repositoryURL = "https://github.com/google/google-api-objectivec-client-for-rest";
			requirement = {
				branch = main;
				kind = branch;
			};
		};
		A1AE79BC2D06B7E600DD7AA7 /* XCRemoteSwiftPackageReference "AppAuth-iOS" */ = {
			isa = XCRemoteSwiftPackageReference;
			repositoryURL = "https://github.com/openid/AppAuth-iOS";
			requirement = {
				kind = upToNextMajorVersion;
				minimumVersion = 1.7.6;
			};
		};
		A1AE79C52D06C6DB00DD7AA7 /* XCRemoteSwiftPackageReference "KeyboardShortcuts" */ = {
			isa = XCRemoteSwiftPackageReference;
			repositoryURL = "https://github.com/sindresorhus/KeyboardShortcuts";
			requirement = {
				kind = upToNextMajorVersion;
				minimumVersion = 2.2.3;
			};
		};
		A1B774DE2D080D9F005AB4C2 /* XCRemoteSwiftPackageReference "Sparkle" */ = {
			isa = XCRemoteSwiftPackageReference;
			repositoryURL = "https://github.com/sparkle-project/Sparkle";
			requirement = {
				kind = upToNextMajorVersion;
				minimumVersion = 2.6.4;
			};
		};
/* End XCRemoteSwiftPackageReference section */

/* Begin XCSwiftPackageProductDependency section */
		A17459542D011FEC0057BB31 /* GTMAppAuth */ = {
			isa = XCSwiftPackageProductDependency;
			package = A17459532D011FEC0057BB31 /* XCRemoteSwiftPackageReference "GTMAppAuth" */;
			productName = GTMAppAuth;
		};
		A18007BC2D0A8E3400475CCA /* Sentry */ = {
			isa = XCSwiftPackageProductDependency;
			package = A18007BB2D0A8E3400475CCA /* XCRemoteSwiftPackageReference "sentry-cocoa" */;
			productName = Sentry;
		};
		A18007BE2D0A9CFB00475CCA /* SentrySwiftUI */ = {
			isa = XCSwiftPackageProductDependency;
			package = A18007BB2D0A8E3400475CCA /* XCRemoteSwiftPackageReference "sentry-cocoa" */;
			productName = SentrySwiftUI;
		};
		A18F76192CF9535200DC952A /* GoogleAPIClientForREST_Calendar */ = {
			isa = XCSwiftPackageProductDependency;
			package = A18F76182CF9535200DC952A /* XCRemoteSwiftPackageReference "google-api-objectivec-client-for-rest" */;
			productName = GoogleAPIClientForREST_Calendar;
		};
		A1AE79BD2D06B7E600DD7AA7 /* AppAuth */ = {
			isa = XCSwiftPackageProductDependency;
			package = A1AE79BC2D06B7E600DD7AA7 /* XCRemoteSwiftPackageReference "AppAuth-iOS" */;
			productName = AppAuth;
		};
		A1AE79BF2D06B7E600DD7AA7 /* AppAuthCore */ = {
			isa = XCSwiftPackageProductDependency;
			package = A1AE79BC2D06B7E600DD7AA7 /* XCRemoteSwiftPackageReference "AppAuth-iOS" */;
			productName = AppAuthCore;
		};
		A1AE79C62D06C6DB00DD7AA7 /* KeyboardShortcuts */ = {
			isa = XCSwiftPackageProductDependency;
			package = A1AE79C52D06C6DB00DD7AA7 /* XCRemoteSwiftPackageReference "KeyboardShortcuts" */;
			productName = KeyboardShortcuts;
		};
		A1B774DF2D080D9F005AB4C2 /* Sparkle */ = {
			isa = XCSwiftPackageProductDependency;
			package = A1B774DE2D080D9F005AB4C2 /* XCRemoteSwiftPackageReference "Sparkle" */;
			productName = Sparkle;
		};
/* End XCSwiftPackageProductDependency section */
	};
	rootObject = A18F75EB2CF935C900DC952A /* Project object */;
}
